
Microsoft Visual Studio Solution File, Format Version 12.00
# Visual Studio Version 16
VisualStudioVersion = 16.0.28917.182
MinimumVisualStudioVersion = 10.0.40219.1
Project("{9A19103F-16F7-4668-BE54-9A1E7A4F7556}") = "PodAnalyzer", "src\PodAnalyzer\PodAnalyzer.csproj", "{C18A00B6-3C2C-44B0-A92B-4C0E5DCC2011}"
EndProject
Project("{9A19103F-16F7-4668-BE54-9A1E7A4F7556}") = "PodAnalyzer.Test", "src\PodAnalyzer.Test\PodAnalyzer.Test.csproj", "{11886FDB-17DF-4576-946D-22FB1C14D398}"
EndProject
Project("{FAE04EC0-301F-11D3-BF4B-00C04F79EFBC}") = "PodAnalyzer.Vsix", "src\PodAnalyzer.Vsix\PodAnalyzer.Vsix.csproj", "{C90A5FD9-AF77-490F-A548-66160DCD1FA6}"
EndProject
Global
	GlobalSection(SolutionConfigurationPlatforms) = preSolution
		Debug|Any CPU = Debug|Any CPU
		Release|Any CPU = Release|Any CPU
	EndGlobalSection
	GlobalSection(ProjectConfigurationPlatforms) = postSolution
		{C18A00B6-3C2C-44B0-A92B-4C0E5DCC2011}.Debug|Any CPU.ActiveCfg = Debug|Any CPU
		{C18A00B6-3C2C-44B0-A92B-4C0E5DCC2011}.Debug|Any CPU.Build.0 = Debug|Any CPU
		{C18A00B6-3C2C-44B0-A92B-4C0E5DCC2011}.Release|Any CPU.ActiveCfg = Release|Any CPU
		{C18A00B6-3C2C-44B0-A92B-4C0E5DCC2011}.Release|Any CPU.Build.0 = Release|Any CPU
		{11886FDB-17DF-4576-946D-22FB1C14D398}.Debug|Any CPU.ActiveCfg = Debug|Any CPU
		{11886FDB-17DF-4576-946D-22FB1C14D398}.Debug|Any CPU.Build.0 = Debug|Any CPU
		{11886FDB-17DF-4576-946D-22FB1C14D398}.Release|Any CPU.ActiveCfg = Release|Any CPU
		{11886FDB-17DF-4576-946D-22FB1C14D398}.Release|Any CPU.Build.0 = Release|Any CPU
		{C90A5FD9-AF77-490F-A548-66160DCD1FA6}.Debug|Any CPU.ActiveCfg = Debug|Any CPU
		{C90A5FD9-AF77-490F-A548-66160DCD1FA6}.Debug|Any CPU.Build.0 = Debug|Any CPU
		{C90A5FD9-AF77-490F-A548-66160DCD1FA6}.Release|Any CPU.ActiveCfg = Release|Any CPU
		{C90A5FD9-AF77-490F-A548-66160DCD1FA6}.Release|Any CPU.Build.0 = Release|Any CPU
	EndGlobalSection
	GlobalSection(SolutionProperties) = preSolution
		HideSolutionNode = FALSE
	EndGlobalSection
	GlobalSection(ExtensibilityGlobals) = postSolution
		SolutionGuid = {8F369CDC-4891-4650-B52E-55FB305A1534}
	EndGlobalSection
EndGlobal
